// !$*UTF8*$!
{
	archiveVersion = 1;
	classes = {
	};
	objectVersion = 46;
	objects = {

/* Begin PBXBuildFile section */
		7E76EAB81DC2F41200B5357E /* AppDelegate.swift in Sources */ = {isa = PBXBuildFile; fileRef = 7E76EAB71DC2F41200B5357E /* AppDelegate.swift */; };
		7E76EABA1DC2F41200B5357E /* ViewController.swift in Sources */ = {isa = PBXBuildFile; fileRef = 7E76EAB91DC2F41200B5357E /* ViewController.swift */; };
		7E76EABD1DC2F41200B5357E /* Main.storyboard in Resources */ = {isa = PBXBuildFile; fileRef = 7E76EABB1DC2F41200B5357E /* Main.storyboard */; };
		7E76EABF1DC2F41200B5357E /* Assets.xcassets in Resources */ = {isa = PBXBuildFile; fileRef = 7E76EABE1DC2F41200B5357E /* Assets.xcassets */; };
		7E76EAC21DC2F41200B5357E /* LaunchScreen.storyboard in Resources */ = {isa = PBXBuildFile; fileRef = 7E76EAC01DC2F41200B5357E /* LaunchScreen.storyboard */; };
		7E76EACD1DC2F41200B5357E /* CanvasTests.swift in Sources */ = {isa = PBXBuildFile; fileRef = 7E76EACC1DC2F41200B5357E /* CanvasTests.swift */; };
		7E76EAD81DC2F41300B5357E /* CanvasUITests.swift in Sources */ = {isa = PBXBuildFile; fileRef = 7E76EAD71DC2F41300B5357E /* CanvasUITests.swift */; };
		7E76EAE71DC2F4C000B5357E /* CanvasViewController.swift in Sources */ = {isa = PBXBuildFile; fileRef = 7E76EAE61DC2F4C000B5357E /* CanvasViewController.swift */; };
/* End PBXBuildFile section */

/* Begin PBXContainerItemProxy section */
		7E76EAC91DC2F41200B5357E /* PBXContainerItemProxy */ = {
			isa = PBXContainerItemProxy;
			containerPortal = 7E76EAAC1DC2F41200B5357E /* Project object */;
			proxyType = 1;
			remoteGlobalIDString = 7E76EAB31DC2F41200B5357E;
			remoteInfo = Canvas;
		};
		7E76EAD41DC2F41300B5357E /* PBXContainerItemProxy */ = {
			isa = PBXContainerItemProxy;
			containerPortal = 7E76EAAC1DC2F41200B5357E /* Project object */;
			proxyType = 1;
			remoteGlobalIDString = 7E76EAB31DC2F41200B5357E;
			remoteInfo = Canvas;
		};
/* End PBXContainerItemProxy section */

/* Begin PBXFileReference section */
		7E76EAB41DC2F41200B5357E /* Canvas.app */ = {isa = PBXFileReference; explicitFileType = wrapper.application; includeInIndex = 0; path = Canvas.app; sourceTree = BUILT_PRODUCTS_DIR; };
		7E76EAB71DC2F41200B5357E /* AppDelegate.swift */ = {isa = PBXFileReference; lastKnownFileType = sourcecode.swift; path = AppDelegate.swift; sourceTree = "<group>"; };
		7E76EAB91DC2F41200B5357E /* ViewController.swift */ = {isa = PBXFileReference; lastKnownFileType = sourcecode.swift; path = ViewController.swift; sourceTree = "<group>"; };
		7E76EABC1DC2F41200B5357E /* Base */ = {isa = PBXFileReference; lastKnownFileType = file.storyboard; name = Base; path = Base.lproj/Main.storyboard; sourceTree = "<group>"; };
		7E76EABE1DC2F41200B5357E /* Assets.xcassets */ = {isa = PBXFileReference; lastKnownFileType = folder.assetcatalog; path = Assets.xcassets; sourceTree = "<group>"; };
		7E76EAC11DC2F41200B5357E /* Base */ = {isa = PBXFileReference; lastKnownFileType = file.storyboard; name = Base; path = Base.lproj/LaunchScreen.storyboard; sourceTree = "<group>"; };
		7E76EAC31DC2F41200B5357E /* Info.plist */ = {isa = PBXFileReference; lastKnownFileType = text.plist.xml; path = Info.plist; sourceTree = "<group>"; };
		7E76EAC81DC2F41200B5357E /* CanvasTests.xctest */ = {isa = PBXFileReference; explicitFileType = wrapper.cfbundle; includeInIndex = 0; path = CanvasTests.xctest; sourceTree = BUILT_PRODUCTS_DIR; };
		7E76EACC1DC2F41200B5357E /* CanvasTests.swift */ = {isa = PBXFileReference; lastKnownFileType = sourcecode.swift; path = CanvasTests.swift; sourceTree = "<group>"; };
		7E76EACE1DC2F41200B5357E /* Info.plist */ = {isa = PBXFileReference; lastKnownFileType = text.plist.xml; path = Info.plist; sourceTree = "<group>"; };
		7E76EAD31DC2F41300B5357E /* CanvasUITests.xctest */ = {isa = PBXFileReference; explicitFileType = wrapper.cfbundle; includeInIndex = 0; path = CanvasUITests.xctest; sourceTree = BUILT_PRODUCTS_DIR; };
		7E76EAD71DC2F41300B5357E /* CanvasUITests.swift */ = {isa = PBXFileReference; lastKnownFileType = sourcecode.swift; path = CanvasUITests.swift; sourceTree = "<group>"; };
		7E76EAD91DC2F41300B5357E /* Info.plist */ = {isa = PBXFileReference; lastKnownFileType = text.plist.xml; path = Info.plist; sourceTree = "<group>"; };
		7E76EAE61DC2F4C000B5357E /* CanvasViewController.swift */ = {isa = PBXFileReference; fileEncoding = 4; lastKnownFileType = sourcecode.swift; path = CanvasViewController.swift; sourceTree = "<group>"; };
/* End PBXFileReference section */

/* Begin PBXFrameworksBuildPhase section */
		7E76EAB11DC2F41200B5357E /* Frameworks */ = {
			isa = PBXFrameworksBuildPhase;
			buildActionMask = 2147483647;
			files = (
			);
			runOnlyForDeploymentPostprocessing = 0;
		};
		7E76EAC51DC2F41200B5357E /* Frameworks */ = {
			isa = PBXFrameworksBuildPhase;
			buildActionMask = 2147483647;
			files = (
			);
			runOnlyForDeploymentPostprocessing = 0;
		};
		7E76EAD01DC2F41300B5357E /* Frameworks */ = {
			isa = PBXFrameworksBuildPhase;
			buildActionMask = 2147483647;
			files = (
			);
			runOnlyForDeploymentPostprocessing = 0;
		};
/* End PBXFrameworksBuildPhase section */

/* Begin PBXGroup section */
		7E76EAAB1DC2F41200B5357E = {
			isa = PBXGroup;
			children = (
				7E76EAB61DC2F41200B5357E /* Canvas */,
				7E76EACB1DC2F41200B5357E /* CanvasTests */,
				7E76EAD61DC2F41300B5357E /* CanvasUITests */,
				7E76EAB51DC2F41200B5357E /* Products */,
			);
			sourceTree = "<group>";
		};
		7E76EAB51DC2F41200B5357E /* Products */ = {
			isa = PBXGroup;
			children = (
				7E76EAB41DC2F41200B5357E /* Canvas.app */,
				7E76EAC81DC2F41200B5357E /* CanvasTests.xctest */,
				7E76EAD31DC2F41300B5357E /* CanvasUITests.xctest */,
			);
			name = Products;
			sourceTree = "<group>";
		};
		7E76EAB61DC2F41200B5357E /* Canvas */ = {
			isa = PBXGroup;
			children = (
				7E76EAE51DC2F4AD00B5357E /* ViewControllers */,
				7E76EAB71DC2F41200B5357E /* AppDelegate.swift */,
				7E76EAB91DC2F41200B5357E /* ViewController.swift */,
				7E76EABB1DC2F41200B5357E /* Main.storyboard */,
				7E76EABE1DC2F41200B5357E /* Assets.xcassets */,
				7E76EAC01DC2F41200B5357E /* LaunchScreen.storyboard */,
				7E76EAC31DC2F41200B5357E /* Info.plist */,
			);
			path = Canvas;
			sourceTree = "<group>";
		};
		7E76EACB1DC2F41200B5357E /* CanvasTests */ = {
			isa = PBXGroup;
			children = (
				7E76EACC1DC2F41200B5357E /* CanvasTests.swift */,
				7E76EACE1DC2F41200B5357E /* Info.plist */,
			);
			path = CanvasTests;
			sourceTree = "<group>";
		};
		7E76EAD61DC2F41300B5357E /* CanvasUITests */ = {
			isa = PBXGroup;
			children = (
				7E76EAD71DC2F41300B5357E /* CanvasUITests.swift */,
				7E76EAD91DC2F41300B5357E /* Info.plist */,
			);
			path = CanvasUITests;
			sourceTree = "<group>";
		};
		7E76EAE51DC2F4AD00B5357E /* ViewControllers */ = {
			isa = PBXGroup;
			children = (
				7E76EAE61DC2F4C000B5357E /* CanvasViewController.swift */,
			);
			name = ViewControllers;
			sourceTree = "<group>";
		};
/* End PBXGroup section */

/* Begin PBXNativeTarget section */
		7E76EAB31DC2F41200B5357E /* Canvas */ = {
			isa = PBXNativeTarget;
			buildConfigurationList = 7E76EADC1DC2F41300B5357E /* Build configuration list for PBXNativeTarget "Canvas" */;
			buildPhases = (
				7E76EAB01DC2F41200B5357E /* Sources */,
				7E76EAB11DC2F41200B5357E /* Frameworks */,
				7E76EAB21DC2F41200B5357E /* Resources */,
			);
			buildRules = (
			);
			dependencies = (
			);
			name = Canvas;
			productName = Canvas;
			productReference = 7E76EAB41DC2F41200B5357E /* Canvas.app */;
			productType = "com.apple.product-type.application";
		};
		7E76EAC71DC2F41200B5357E /* CanvasTests */ = {
			isa = PBXNativeTarget;
			buildConfigurationList = 7E76EADF1DC2F41300B5357E /* Build configuration list for PBXNativeTarget "CanvasTests" */;
			buildPhases = (
				7E76EAC41DC2F41200B5357E /* Sources */,
				7E76EAC51DC2F41200B5357E /* Frameworks */,
				7E76EAC61DC2F41200B5357E /* Resources */,
			);
			buildRules = (
			);
			dependencies = (
				7E76EACA1DC2F41200B5357E /* PBXTargetDependency */,
			);
			name = CanvasTests;
			productName = CanvasTests;
			productReference = 7E76EAC81DC2F41200B5357E /* CanvasTests.xctest */;
			productType = "com.apple.product-type.bundle.unit-test";
		};
		7E76EAD21DC2F41300B5357E /* CanvasUITests */ = {
			isa = PBXNativeTarget;
			buildConfigurationList = 7E76EAE21DC2F41300B5357E /* Build configuration list for PBXNativeTarget "CanvasUITests" */;
			buildPhases = (
				7E76EACF1DC2F41300B5357E /* Sources */,
				7E76EAD01DC2F41300B5357E /* Frameworks */,
				7E76EAD11DC2F41300B5357E /* Resources */,
			);
			buildRules = (
			);
			dependencies = (
				7E76EAD51DC2F41300B5357E /* PBXTargetDependency */,
			);
			name = CanvasUITests;
			productName = CanvasUITests;
			productReference = 7E76EAD31DC2F41300B5357E /* CanvasUITests.xctest */;
			productType = "com.apple.product-type.bundle.ui-testing";
		};
/* End PBXNativeTarget section */

/* Begin PBXProject section */
		7E76EAAC1DC2F41200B5357E /* Project object */ = {
			isa = PBXProject;
			attributes = {
				LastSwiftUpdateCheck = 0800;
				LastUpgradeCheck = 0800;
				ORGANIZATIONNAME = "Sophia KC";
				TargetAttributes = {
					7E76EAB31DC2F41200B5357E = {
						CreatedOnToolsVersion = 8.0;
						ProvisioningStyle = Automatic;
					};
					7E76EAC71DC2F41200B5357E = {
						CreatedOnToolsVersion = 8.0;
						ProvisioningStyle = Automatic;
						TestTargetID = 7E76EAB31DC2F41200B5357E;
					};
					7E76EAD21DC2F41300B5357E = {
						CreatedOnToolsVersion = 8.0;
						ProvisioningStyle = Automatic;
						TestTargetID = 7E76EAB31DC2F41200B5357E;
					};
				};
			};
			buildConfigurationList = 7E76EAAF1DC2F41200B5357E /* Build configuration list for PBXProject "Canvas" */;
			compatibilityVersion = "Xcode 3.2";
			developmentRegion = English;
			hasScannedForEncodings = 0;
			knownRegions = (
				en,
				Base,
			);
			mainGroup = 7E76EAAB1DC2F41200B5357E;
			productRefGroup = 7E76EAB51DC2F41200B5357E /* Products */;
			projectDirPath = "";
			projectRoot = "";
			targets = (
				7E76EAB31DC2F41200B5357E /* Canvas */,
				7E76EAC71DC2F41200B5357E /* CanvasTests */,
				7E76EAD21DC2F41300B5357E /* CanvasUITests */,
			);
		};
/* End PBXProject section */

/* Begin PBXResourcesBuildPhase section */
		7E76EAB21DC2F41200B5357E /* Resources */ = {
			isa = PBXResourcesBuildPhase;
			buildActionMask = 2147483647;
			files = (
				7E76EAC21DC2F41200B5357E /* LaunchScreen.storyboard in Resources */,
				7E76EABF1DC2F41200B5357E /* Assets.xcassets in Resources */,
				7E76EABD1DC2F41200B5357E /* Main.storyboard in Resources */,
			);
			runOnlyForDeploymentPostprocessing = 0;
		};
		7E76EAC61DC2F41200B5357E /* Resources */ = {
			isa = PBXResourcesBuildPhase;
			buildActionMask = 2147483647;
			files = (
			);
			runOnlyForDeploymentPostprocessing = 0;
		};
		7E76EAD11DC2F41300B5357E /* Resources */ = {
			isa = PBXResourcesBuildPhase;
			buildActionMask = 2147483647;
			files = (
			);
			runOnlyForDeploymentPostprocessing = 0;
		};
/* End PBXResourcesBuildPhase section */

/* Begin PBXSourcesBuildPhase section */
		7E76EAB01DC2F41200B5357E /* Sources */ = {
			isa = PBXSourcesBuildPhase;
			buildActionMask = 2147483647;
			files = (
				7E76EABA1DC2F41200B5357E /* ViewController.swift in Sources */,
				7E76EAE71DC2F4C000B5357E /* CanvasViewController.swift in Sources */,
				7E76EAB81DC2F41200B5357E /* AppDelegate.swift in Sources */,
			);
			runOnlyForDeploymentPostprocessing = 0;
		};
		7E76EAC41DC2F41200B5357E /* Sources */ = {
			isa = PBXSourcesBuildPhase;
			buildActionMask = 2147483647;
			files = (
				7E76EACD1DC2F41200B5357E /* CanvasTests.swift in Sources */,
			);
			runOnlyForDeploymentPostprocessing = 0;
		};
		7E76EACF1DC2F41300B5357E /* Sources */ = {
			isa = PBXSourcesBuildPhase;
			buildActionMask = 2147483647;
			files = (
				7E76EAD81DC2F41300B5357E /* CanvasUITests.swift in Sources */,
			);
			runOnlyForDeploymentPostprocessing = 0;
		};
/* End PBXSourcesBuildPhase section */

/* Begin PBXTargetDependency section */
		7E76EACA1DC2F41200B5357E /* PBXTargetDependency */ = {
			isa = PBXTargetDependency;
			target = 7E76EAB31DC2F41200B5357E /* Canvas */;
			targetProxy = 7E76EAC91DC2F41200B5357E /* PBXContainerItemProxy */;
		};
		7E76EAD51DC2F41300B5357E /* PBXTargetDependency */ = {
			isa = PBXTargetDependency;
			target = 7E76EAB31DC2F41200B5357E /* Canvas */;
			targetProxy = 7E76EAD41DC2F41300B5357E /* PBXContainerItemProxy */;
		};
/* End PBXTargetDependency section */

/* Begin PBXVariantGroup section */
		7E76EABB1DC2F41200B5357E /* Main.storyboard */ = {
			isa = PBXVariantGroup;
			children = (
				7E76EABC1DC2F41200B5357E /* Base */,
			);
			name = Main.storyboard;
			sourceTree = "<group>";
		};
		7E76EAC01DC2F41200B5357E /* LaunchScreen.storyboard */ = {
			isa = PBXVariantGroup;
			children = (
				7E76EAC11DC2F41200B5357E /* Base */,
			);
			name = LaunchScreen.storyboard;
			sourceTree = "<group>";
		};
/* End PBXVariantGroup section */

/* Begin XCBuildConfiguration section */
		7E76EADA1DC2F41300B5357E /* Debug */ = {
			isa = XCBuildConfiguration;
			buildSettings = {
				ALWAYS_SEARCH_USER_PATHS = NO;
				CLANG_ANALYZER_NONNULL = YES;
				CLANG_CXX_LANGUAGE_STANDARD = "gnu++0x";
				CLANG_CXX_LIBRARY = "libc++";
				CLANG_ENABLE_MODULES = YES;
				CLANG_ENABLE_OBJC_ARC = YES;
				CLANG_WARN_BOOL_CONVERSION = YES;
				CLANG_WARN_CONSTANT_CONVERSION = YES;
				CLANG_WARN_DIRECT_OBJC_ISA_USAGE = YES_ERROR;
				CLANG_WARN_DOCUMENTATION_COMMENTS = YES;
				CLANG_WARN_EMPTY_BODY = YES;
				CLANG_WARN_ENUM_CONVERSION = YES;
				CLANG_WARN_INFINITE_RECURSION = YES;
				CLANG_WARN_INT_CONVERSION = YES;
				CLANG_WARN_OBJC_ROOT_CLASS = YES_ERROR;
				CLANG_WARN_SUSPICIOUS_MOVES = YES;
				CLANG_WARN_UNREACHABLE_CODE = YES;
				CLANG_WARN__DUPLICATE_METHOD_MATCH = YES;
				"CODE_SIGN_IDENTITY[sdk=iphoneos*]" = "iPhone Developer";
				COPY_PHASE_STRIP = NO;
				DEBUG_INFORMATION_FORMAT = dwarf;
				ENABLE_STRICT_OBJC_MSGSEND = YES;
				ENABLE_TESTABILITY = YES;
				GCC_C_LANGUAGE_STANDARD = gnu99;
				GCC_DYNAMIC_NO_PIC = NO;
				GCC_NO_COMMON_BLOCKS = YES;
				GCC_OPTIMIZATION_LEVEL = 0;
				GCC_PREPROCESSOR_DEFINITIONS = (
					"DEBUG=1",
					"$(inherited)",
				);
				GCC_WARN_64_TO_32_BIT_CONVERSION = YES;
				GCC_WARN_ABOUT_RETURN_TYPE = YES_ERROR;
				GCC_WARN_UNDECLARED_SELECTOR = YES;
				GCC_WARN_UNINITIALIZED_AUTOS = YES_AGGRESSIVE;
				GCC_WARN_UNUSED_FUNCTION = YES;
				GCC_WARN_UNUSED_VARIABLE = YES;
				IPHONEOS_DEPLOYMENT_TARGET = 10.0;
				MTL_ENABLE_DEBUG_INFO = YES;
				ONLY_ACTIVE_ARCH = YES;
				SDKROOT = iphoneos;
				SWIFT_ACTIVE_COMPILATION_CONDITIONS = DEBUG;
				SWIFT_OPTIMIZATION_LEVEL = "-Onone";
			};
			name = Debug;
		};
		7E76EADB1DC2F41300B5357E /* Release */ = {
			isa = XCBuildConfiguration;
			buildSettings = {
				ALWAYS_SEARCH_USER_PATHS = NO;
				CLANG_ANALYZER_NONNULL = YES;
				CLANG_CXX_LANGUAGE_STANDARD = "gnu++0x";
				CLANG_CXX_LIBRARY = "libc++";
				CLANG_ENABLE_MODULES = YES;
				CLANG_ENABLE_OBJC_ARC = YES;
				CLANG_WARN_BOOL_CONVERSION = YES;
				CLANG_WARN_CONSTANT_CONVERSION = YES;
				CLANG_WARN_DIRECT_OBJC_ISA_USAGE = YES_ERROR;
				CLANG_WARN_DOCUMENTATION_COMMENTS = YES;
				CLANG_WARN_EMPTY_BODY = YES;
				CLANG_WARN_ENUM_CONVERSION = YES;
				CLANG_WARN_INFINITE_RECURSION = YES;
				CLANG_WARN_INT_CONVERSION = YES;
				CLANG_WARN_OBJC_ROOT_CLASS = YES_ERROR;
				CLANG_WARN_SUSPICIOUS_MOVES = YES;
				CLANG_WARN_UNREACHABLE_CODE = YES;
				CLANG_WARN__DUPLICATE_METHOD_MATCH = YES;
				"CODE_SIGN_IDENTITY[sdk=iphoneos*]" = "iPhone Developer";
				COPY_PHASE_STRIP = NO;
				DEBUG_INFORMATION_FORMAT = "dwarf-with-dsym";
				ENABLE_NS_ASSERTIONS = NO;
				ENABLE_STRICT_OBJC_MSGSEND = YES;
				GCC_C_LANGUAGE_STANDARD = gnu99;
				GCC_NO_COMMON_BLOCKS = YES;
				GCC_WARN_64_TO_32_BIT_CONVERSION = YES;
				GCC_WARN_ABOUT_RETURN_TYPE = YES_ERROR;
				GCC_WARN_UNDECLARED_SELECTOR = YES;
				GCC_WARN_UNINITIALIZED_AUTOS = YES_AGGRESSIVE;
				GCC_WARN_UNUSED_FUNCTION = YES;
				GCC_WARN_UNUSED_VARIABLE = YES;
				IPHONEOS_DEPLOYMENT_TARGET = 10.0;
				MTL_ENABLE_DEBUG_INFO = NO;
				SDKROOT = iphoneos;
				SWIFT_OPTIMIZATION_LEVEL = "-Owholemodule";
				VALIDATE_PRODUCT = YES;
			};
			name = Release;
		};
		7E76EADD1DC2F41300B5357E /* Debug */ = {
			isa = XCBuildConfiguration;
			buildSettings = {
				ASSETCATALOG_COMPILER_APPICON_NAME = AppIcon;
				INFOPLIST_FILE = Canvas/Info.plist;
				LD_RUNPATH_SEARCH_PATHS = "$(inherited) @executable_path/Frameworks";
				PRODUCT_BUNDLE_IDENTIFIER = com.sophiakc.Canvas;
				PRODUCT_NAME = "$(TARGET_NAME)";
				SWIFT_VERSION = 3.0;
			};
			name = Debug;
		};
		7E76EADE1DC2F41300B5357E /* Release */ = {
			isa = XCBuildConfiguration;
			buildSettings = {
				ASSETCATALOG_COMPILER_APPICON_NAME = AppIcon;
				INFOPLIST_FILE = Canvas/Info.plist;
				LD_RUNPATH_SEARCH_PATHS = "$(inherited) @executable_path/Frameworks";
				PRODUCT_BUNDLE_IDENTIFIER = com.sophiakc.Canvas;
				PRODUCT_NAME = "$(TARGET_NAME)";
				SWIFT_VERSION = 3.0;
			};
			name = Release;
		};
		7E76EAE01DC2F41300B5357E /* Debug */ = {
			isa = XCBuildConfiguration;
			buildSettings = {
				ALWAYS_EMBED_SWIFT_STANDARD_LIBRARIES = YES;
				BUNDLE_LOADER = "$(TEST_HOST)";
				INFOPLIST_FILE = CanvasTests/Info.plist;
				LD_RUNPATH_SEARCH_PATHS = "$(inherited) @executable_path/Frameworks @loader_path/Frameworks";
				PRODUCT_BUNDLE_IDENTIFIER = com.sophiakc.CanvasTests;
				PRODUCT_NAME = "$(TARGET_NAME)";
				SWIFT_VERSION = 3.0;
				TEST_HOST = "$(BUILT_PRODUCTS_DIR)/Canvas.app/Canvas";
			};
			name = Debug;
		};
		7E76EAE11DC2F41300B5357E /* Release */ = {
			isa = XCBuildConfiguration;
			buildSettings = {
				ALWAYS_EMBED_SWIFT_STANDARD_LIBRARIES = YES;
				BUNDLE_LOADER = "$(TEST_HOST)";
				INFOPLIST_FILE = CanvasTests/Info.plist;
				LD_RUNPATH_SEARCH_PATHS = "$(inherited) @executable_path/Frameworks @loader_path/Frameworks";
				PRODUCT_BUNDLE_IDENTIFIER = com.sophiakc.CanvasTests;
				PRODUCT_NAME = "$(TARGET_NAME)";
				SWIFT_VERSION = 3.0;
				TEST_HOST = "$(BUILT_PRODUCTS_DIR)/Canvas.app/Canvas";
			};
			name = Release;
		};
		7E76EAE31DC2F41300B5357E /* Debug */ = {
			isa = XCBuildConfiguration;
			buildSettings = {
				ALWAYS_EMBED_SWIFT_STANDARD_LIBRARIES = YES;
				INFOPLIST_FILE = CanvasUITests/Info.plist;
				LD_RUNPATH_SEARCH_PATHS = "$(inherited) @executable_path/Frameworks @loader_path/Frameworks";
				PRODUCT_BUNDLE_IDENTIFIER = com.sophiakc.CanvasUITests;
				PRODUCT_NAME = "$(TARGET_NAME)";
				SWIFT_VERSION = 3.0;
				TEST_TARGET_NAME = Canvas;
			};
			name = Debug;
		};
		7E76EAE41DC2F41300B5357E /* Release */ = {
			isa = XCBuildConfiguration;
			buildSettings = {
				ALWAYS_EMBED_SWIFT_STANDARD_LIBRARIES = YES;
				INFOPLIST_FILE = CanvasUITests/Info.plist;
				LD_RUNPATH_SEARCH_PATHS = "$(inherited) @executable_path/Frameworks @loader_path/Frameworks";
				PRODUCT_BUNDLE_IDENTIFIER = com.sophiakc.CanvasUITests;
				PRODUCT_NAME = "$(TARGET_NAME)";
				SWIFT_VERSION = 3.0;
				TEST_TARGET_NAME = Canvas;
			};
			name = Release;
		};
/* End XCBuildConfiguration section */

/* Begin XCConfigurationList section */
		7E76EAAF1DC2F41200B5357E /* Build configuration list for PBXProject "Canvas" */ = {
			isa = XCConfigurationList;
			buildConfigurations = (
				7E76EADA1DC2F41300B5357E /* Debug */,
				7E76EADB1DC2F41300B5357E /* Release */,
			);
			defaultConfigurationIsVisible = 0;
			defaultConfigurationName = Release;
		};
		7E76EADC1DC2F41300B5357E /* Build configuration list for PBXNativeTarget "Canvas" */ = {
			isa = XCConfigurationList;
			buildConfigurations = (
				7E76EADD1DC2F41300B5357E /* Debug */,
				7E76EADE1DC2F41300B5357E /* Release */,
			);
			defaultConfigurationIsVisible = 0;
		};
		7E76EADF1DC2F41300B5357E /* Build configuration list for PBXNativeTarget "CanvasTests" */ = {
			isa = XCConfigurationList;
			buildConfigurations = (
				7E76EAE01DC2F41300B5357E /* Debug */,
				7E76EAE11DC2F41300B5357E /* Release */,
			);
			defaultConfigurationIsVisible = 0;
		};
		7E76EAE21DC2F41300B5357E /* Build configuration list for PBXNativeTarget "CanvasUITests" */ = {
			isa = XCConfigurationList;
			buildConfigurations = (
				7E76EAE31DC2F41300B5357E /* Debug */,
				7E76EAE41DC2F41300B5357E /* Release */,
			);
			defaultConfigurationIsVisible = 0;
		};
/* End XCConfigurationList section */
	};
	rootObject = 7E76EAAC1DC2F41200B5357E /* Project object */;
}
